
Microsoft Visual Studio Solution File, Format Version 12.00
# Visual Studio Version 17
VisualStudioVersion = 17.14.36414.22 d17.14
MinimumVisualStudioVersion = 10.0.40219.1
Project("{FAE04EC0-301F-11D3-BF4B-00C04F79EFBC}") = "Book Store", "Book Store\Book Store.csproj", "{63C59F19-6CEA-4618-996A-0F6B96456882}"
EndProject
Global
	GlobalSection(SolutionConfigurationPlatforms) = preSolution
		Debug|Any CPU = Debug|Any CPU
		Release|Any CPU = Release|Any CPU
	EndGlobalSection
	GlobalSection(ProjectConfigurationPlatforms) = postSolution
		{63C59F19-6CEA-4618-996A-0F6B96456882}.Debug|Any CPU.ActiveCfg = Debug|Any CPU
		{63C59F19-6CEA-4618-996A-0F6B96456882}.Debug|Any CPU.Build.0 = Debug|Any CPU
		{63C59F19-6CEA-4618-996A-0F6B96456882}.Release|Any CPU.ActiveCfg = Release|Any CPU
		{63C59F19-6CEA-4618-996A-0F6B96456882}.Release|Any CPU.Build.0 = Release|Any CPU
	EndGlobalSection
	GlobalSection(SolutionProperties) = preSolution
		HideSolutionNode = FALSE
	EndGlobalSection
	GlobalSection(ExtensibilityGlobals) = postSolution
		SolutionGuid = {B0669DA4-A7CA-40BD-9E3A-103E460633E2}
	EndGlobalSection
EndGlobal
